
Microsoft Visual Studio Solution File, Format Version 12.00
# Visual Studio Version 16
VisualStudioVersion = 16.0.31402.337
MinimumVisualStudioVersion = 10.0.40219.1
Project("{FAE04EC0-301F-11D3-BF4B-00C04F79EFBC}") = "test", "test.csproj", "{C1DD9BE7-1D99-4013-ACB5-4301BB26340F}"
EndProject
Global
	GlobalSection(SolutionConfigurationPlatforms) = preSolution
		Debug|Any CPU = Debug|Any CPU
		Release|Any CPU = Release|Any CPU
	EndGlobalSection
	GlobalSection(ProjectConfigurationPlatforms) = postSolution
		{C1DD9BE7-1D99-4013-ACB5-4301BB26340F}.Debug|Any CPU.ActiveCfg = Debug|Any CPU
		{C1DD9BE7-1D99-4013-ACB5-4301BB26340F}.Debug|Any CPU.Build.0 = Debug|Any CPU
		{C1DD9BE7-1D99-4013-ACB5-4301BB26340F}.Release|Any CPU.ActiveCfg = Release|Any CPU
		{C1DD9BE7-1D99-4013-ACB5-4301BB26340F}.Release|Any CPU.Build.0 = Release|Any CPU
	EndGlobalSection
	GlobalSection(SolutionProperties) = preSolution
		HideSolutionNode = FALSE
	EndGlobalSection
	GlobalSection(ExtensibilityGlobals) = postSolution
		SolutionGuid = {41D80BD4-EB32-4220-B37E-94F1528C7A4F}
	EndGlobalSection
EndGlobal
